
Microsoft Visual Studio Solution File, Format Version 12.00
# Visual Studio Version 17
VisualStudioVersion = 17.5.33424.131
MinimumVisualStudioVersion = 10.0.40219.1
Project("{FAE04EC0-301F-11D3-BF4B-00C04F79EFBC}") = "dedenevskaya_schoolSystem", "dedenevskaya_schoolSystem\dedenevskaya_schoolSystem.csproj", "{4C067ACC-5CA5-4243-BA41-DC09612EF85C}"
EndProject
Global
	GlobalSection(SolutionConfigurationPlatforms) = preSolution
		Debug|Any CPU = Debug|Any CPU
		Release|Any CPU = Release|Any CPU
	EndGlobalSection
	GlobalSection(ProjectConfigurationPlatforms) = postSolution
		{4C067ACC-5CA5-4243-BA41-DC09612EF85C}.Debug|Any CPU.ActiveCfg = Debug|Any CPU
		{4C067ACC-5CA5-4243-BA41-DC09612EF85C}.Debug|Any CPU.Build.0 = Debug|Any CPU
		{4C067ACC-5CA5-4243-BA41-DC09612EF85C}.Release|Any CPU.ActiveCfg = Release|Any CPU
		{4C067ACC-5CA5-4243-BA41-DC09612EF85C}.Release|Any CPU.Build.0 = Release|Any CPU
	EndGlobalSection
	GlobalSection(SolutionProperties) = preSolution
		HideSolutionNode = FALSE
	EndGlobalSection
	GlobalSection(ExtensibilityGlobals) = postSolution
		SolutionGuid = {22FB05B7-1F46-4584-A83F-002140E51DA0}
	EndGlobalSection
EndGlobal
